{
  "nodes": {
    "agenix": {
      "inputs": {
        "nixpkgs": [
          "ragenix",
          "nixpkgs"
        ]
      },
      "locked": {
        "lastModified": 1652712410,
        "narHash": "sha256-hMJ2TqLt0DleEnQFGUHK9sV2aAzJPU8pZeiZoqRozbE=",
        "owner": "ryantm",
        "repo": "agenix",
        "rev": "7e5e58b98c3dcbf497543ff6f22591552ebfe65b",
        "type": "github"
      },
      "original": {
        "owner": "ryantm",
        "repo": "agenix",
        "type": "github"
      }
    },
    "darwin": {
      "inputs": {
        "nixpkgs": [
          "nixpkgs-darwin"
        ]
      },
      "locked": {
        "lastModified": 1661329936,
        "narHash": "sha256-dafFjAcJPo0SdegK3E+SnTI8CNMgV/bBm/6CeDf82f8=",
        "owner": "lnl7",
        "repo": "nix-darwin",
        "rev": "ef0e7f41cdf8fae1d2390c4df246c90a364ed8d9",
        "type": "github"
      },
      "original": {
        "owner": "lnl7",
        "ref": "master",
        "repo": "nix-darwin",
        "type": "github"
      }
    },
    "darwin-master": {
      "inputs": {
        "nixpkgs": [
          "nixpkgs-master"
        ]
      },
      "locked": {
        "lastModified": 1661329936,
        "narHash": "sha256-dafFjAcJPo0SdegK3E+SnTI8CNMgV/bBm/6CeDf82f8=",
        "owner": "lnl7",
        "repo": "nix-darwin",
        "rev": "ef0e7f41cdf8fae1d2390c4df246c90a364ed8d9",
        "type": "github"
      },
      "original": {
        "owner": "lnl7",
        "ref": "master",
        "repo": "nix-darwin",
        "type": "github"
      }
    },
    "darwin-staging": {
      "inputs": {
        "nixpkgs": [
          "nixpkgs-staging"
        ]
      },
      "locked": {
        "lastModified": 1661329936,
        "narHash": "sha256-dafFjAcJPo0SdegK3E+SnTI8CNMgV/bBm/6CeDf82f8=",
        "owner": "lnl7",
        "repo": "nix-darwin",
        "rev": "ef0e7f41cdf8fae1d2390c4df246c90a364ed8d9",
        "type": "github"
      },
      "original": {
        "owner": "lnl7",
        "ref": "master",
        "repo": "nix-darwin",
        "type": "github"
      }
    },
    "darwin-unstable": {
      "inputs": {
        "nixpkgs": [
          "nixpkgs-unstable"
        ]
      },
      "locked": {
        "lastModified": 1661329936,
        "narHash": "sha256-dafFjAcJPo0SdegK3E+SnTI8CNMgV/bBm/6CeDf82f8=",
        "owner": "lnl7",
        "repo": "nix-darwin",
        "rev": "ef0e7f41cdf8fae1d2390c4df246c90a364ed8d9",
        "type": "github"
      },
      "original": {
        "owner": "lnl7",
        "ref": "master",
        "repo": "nix-darwin",
        "type": "github"
      }
    },
    "fenix": {
      "inputs": {
        "nixpkgs": "nixpkgs",
        "rust-analyzer-src": "rust-analyzer-src"
      },
      "locked": {
        "lastModified": 1661668034,
        "narHash": "sha256-k1pXz9Rz8SXyBbEcwKzYfvNT6Z+p5rBmmu8Pd7e/L4k=",
        "owner": "nix-community",
        "repo": "fenix",
        "rev": "ed52331c095a99250cc36e6668f90d55108858b4",
        "type": "github"
      },
      "original": {
        "owner": "nix-community",
        "repo": "fenix",
        "type": "github"
      }
    },
    "flake-utils": {
      "locked": {
        "lastModified": 1659877975,
        "narHash": "sha256-zllb8aq3YO3h8B/U0/J1WBgAL8EX5yWf5pMj3G0NAmc=",
        "owner": "numtide",
        "repo": "flake-utils",
        "rev": "c0e246b9b83f637f4681389ecabcb2681b4f3af0",
        "type": "github"
      },
      "original": {
        "owner": "numtide",
        "repo": "flake-utils",
        "type": "github"
      }
    },
    "flake-utils_2": {
      "locked": {
        "lastModified": 1642700792,
        "narHash": "sha256-XqHrk7hFb+zBvRg6Ghl+AZDq03ov6OshJLiSWOoX5es=",
        "owner": "numtide",
        "repo": "flake-utils",
        "rev": "846b2ae0fc4cc943637d3d1def4454213e203cba",
        "type": "github"
      },
      "original": {
        "owner": "numtide",
        "repo": "flake-utils",
        "type": "github"
      }
    },
    "flake-utils_3": {
      "locked": {
        "lastModified": 1659877975,
        "narHash": "sha256-zllb8aq3YO3h8B/U0/J1WBgAL8EX5yWf5pMj3G0NAmc=",
        "owner": "numtide",
        "repo": "flake-utils",
        "rev": "c0e246b9b83f637f4681389ecabcb2681b4f3af0",
        "type": "github"
      },
      "original": {
        "owner": "numtide",
        "repo": "flake-utils",
        "type": "github"
      }
    },
    "home-manager": {
      "inputs": {
        "nixpkgs": "nixpkgs_2"
      },
      "locked": {
        "lastModified": 1656169755,
        "narHash": "sha256-Nlnm4jeQWEGjYrE6hxi/7HYHjBSZ/E0RtjCYifnNsWk=",
        "owner": "nix-community",
        "repo": "home-manager",
        "rev": "4a3d01fb53f52ac83194081272795aa4612c2381",
        "type": "github"
      },
      "original": {
        "owner": "nix-community",
        "ref": "release-22.05",
        "repo": "home-manager",
        "type": "github"
      }
    },
    "home-manager-unstable": {
      "inputs": {
        "nixpkgs": [
          "nixpkgs-unstable"
        ],
        "utils": "utils"
      },
      "locked": {
        "lastModified": 1661573386,
        "narHash": "sha256-pBEg8iY00Af/SAtU2dlmOAv+2x7kScaGlFRDjNoVJO8=",
        "owner": "nix-community",
        "repo": "home-manager",
        "rev": "d89bdff445eadff03fe414e9c30486bc8166b72b",
        "type": "github"
      },
      "original": {
        "owner": "nix-community",
        "ref": "master",
        "repo": "home-manager",
        "type": "github"
      }
    },
    "mach-nix": {
      "inputs": {
        "flake-utils": "flake-utils_2",
        "nixpkgs": "nixpkgs_3",
        "pypi-deps-db": "pypi-deps-db"
      },
      "locked": {
        "lastModified": 1661359648,
        "narHash": "sha256-BRz30Xg/g535oRJA3xEcXf0KM6GTJPugt2lgaom3D6g=",
        "owner": "DavHau",
        "repo": "mach-nix",
        "rev": "6cd3929b1561c3eef68f5fc6a08b57cf95c41ec1",
        "type": "github"
      },
      "original": {
        "owner": "DavHau",
        "repo": "mach-nix",
        "type": "github"
      }
    },
    "nixlib": {
      "locked": {
        "lastModified": 1636849918,
        "narHash": "sha256-nzUK6dPcTmNVrgTAC1EOybSMsrcx+QrVPyqRdyKLkjA=",
        "owner": "nix-community",
        "repo": "nixpkgs.lib",
        "rev": "28a5b0557f14124608db68d3ee1f77e9329e9dd5",
        "type": "github"
      },
      "original": {
        "owner": "nix-community",
        "repo": "nixpkgs.lib",
        "type": "github"
      }
    },
    "nixos-generators": {
      "inputs": {
        "nixlib": "nixlib",
        "nixpkgs": [
          "nixpkgs"
        ]
      },
      "locked": {
        "lastModified": 1660727616,
        "narHash": "sha256-zYTIvdPMYMx/EYqXODAwIIU30RiEHqNHdgarIHuEYZc=",
        "owner": "nix-community",
        "repo": "nixos-generators",
        "rev": "adccd191a0e83039d537e021f19495b7bad546a1",
        "type": "github"
      },
      "original": {
        "owner": "nix-community",
        "repo": "nixos-generators",
        "type": "github"
      }
    },
    "nixpkgs": {
      "locked": {
        "lastModified": 1661450036,
        "narHash": "sha256-0/9UyJLtfWqF4uvOrjFIzk8ue1YYUHa6JIhV0mALkH0=",
        "owner": "nixos",
        "repo": "nixpkgs",
        "rev": "f3d0897be466aa09a37f6bf59e62c360c3f9a6cc",
        "type": "github"
      },
      "original": {
        "owner": "nixos",
        "ref": "nixos-unstable",
        "repo": "nixpkgs",
        "type": "github"
      }
    },
    "nixpkgs-darwin": {
      "locked": {
        "lastModified": 1661663506,
        "narHash": "sha256-Gr6LRq5UQZFvir7UbSsziFguWNVDTi+T4hASIomd1QA=",
        "owner": "NixOS",
        "repo": "nixpkgs",
        "rev": "198d8fbc27177af895e3a778899246d56d353b10",
        "type": "github"
      },
      "original": {
        "owner": "NixOS",
        "ref": "nixpkgs-22.05-darwin",
        "repo": "nixpkgs",
        "type": "github"
      }
    },
    "nixpkgs-hardware": {
      "locked": {
        "lastModified": 1660407119,
        "narHash": "sha256-04lWO0pDbhAXFdL4v2VzzwgxrZ5IefKn+TmZPiPeKxg=",
        "owner": "NixOS",
        "repo": "nixos-hardware",
        "rev": "12620020f76b1b5d2b0e6fbbda831ed4f5fe56e1",
        "type": "github"
      },
      "original": {
        "owner": "NixOS",
        "repo": "nixos-hardware",
        "type": "github"
      }
    },
    "nixpkgs-master": {
      "locked": {
        "lastModified": 1661755621,
        "narHash": "sha256-0O6UxM/CbiooBxhy7+EnlWh88oxJJAlK8G4l4/ZH2lA=",
        "owner": "NixOS",
        "repo": "nixpkgs",
        "rev": "ad09a2704bbff5d32fb59a1118dc0c6b3d207b95",
        "type": "github"
      },
      "original": {
        "owner": "NixOS",
        "ref": "master",
        "repo": "nixpkgs",
        "type": "github"
      }
    },
    "nixpkgs-staging": {
      "locked": {
        "lastModified": 1661694982,
        "narHash": "sha256-kGsbSjVwqS9HwdSLiI2QfPmBtM36uwHRn4eunlsC2Bg=",
        "owner": "NixOS",
        "repo": "nixpkgs",
        "rev": "e4fcd01b7d53461f616f7607442cc1fc638fa0af",
        "type": "github"
      },
      "original": {
        "owner": "NixOS",
        "ref": "staging",
        "repo": "nixpkgs",
        "type": "github"
      }
    },
    "nixpkgs-staging-next": {
      "locked": {
        "lastModified": 1661756332,
        "narHash": "sha256-jfpRf+IaYDdddtw7NJIxypfUnFOdqk/7tY04tf4MKcs=",
        "owner": "NixOS",
        "repo": "nixpkgs",
        "rev": "f08ac2c92b79df5ce86cdff7bec0632bf419793a",
        "type": "github"
      },
      "original": {
        "owner": "NixOS",
        "ref": "staging-next",
        "repo": "nixpkgs",
        "type": "github"
      }
    },
    "nixpkgs-unstable": {
      "locked": {
        "lastModified": 1661353537,
        "narHash": "sha256-1E2IGPajOsrkR49mM5h55OtYnU0dGyre6gl60NXKITE=",
        "owner": "NixOS",
        "repo": "nixpkgs",
        "rev": "0e304ff0d9db453a4b230e9386418fd974d5804a",
        "type": "github"
      },
      "original": {
        "owner": "NixOS",
        "ref": "nixpkgs-unstable",
        "repo": "nixpkgs",
        "type": "github"
      }
    },
    "nixpkgs_2": {
      "locked": {
        "lastModified": 1661353537,
        "narHash": "sha256-1E2IGPajOsrkR49mM5h55OtYnU0dGyre6gl60NXKITE=",
        "owner": "NixOS",
        "repo": "nixpkgs",
        "rev": "0e304ff0d9db453a4b230e9386418fd974d5804a",
        "type": "github"
      },
      "original": {
        "id": "nixpkgs",
        "type": "indirect"
      }
    },
    "nixpkgs_3": {
      "locked": {
        "lastModified": 1643805626,
        "narHash": "sha256-AXLDVMG+UaAGsGSpOtQHPIKB+IZ0KSd9WS77aanGzgc=",
        "owner": "NixOS",
        "repo": "nixpkgs",
        "rev": "554d2d8aa25b6e583575459c297ec23750adb6cb",
        "type": "github"
      },
      "original": {
        "id": "nixpkgs",
        "ref": "nixos-unstable",
        "type": "indirect"
      }
    },
    "nixpkgs_4": {
      "locked": {
        "lastModified": 1661617163,
        "narHash": "sha256-NN9Ky47j8ohgPhA9JZyfkYIbbAo6RJkGz+7h8/exVpE=",
        "owner": "NixOS",
        "repo": "nixpkgs",
        "rev": "0ba2543f8c855d7be8e90ef6c8dc89c1617e8a08",
        "type": "github"
      },
      "original": {
        "owner": "NixOS",
        "ref": "nixos-22.05",
        "repo": "nixpkgs",
        "type": "github"
      }
    },
    "nixpkgs_5": {
      "locked": {
        "lastModified": 1661450036,
        "narHash": "sha256-0/9UyJLtfWqF4uvOrjFIzk8ue1YYUHa6JIhV0mALkH0=",
        "owner": "nixos",
        "repo": "nixpkgs",
        "rev": "f3d0897be466aa09a37f6bf59e62c360c3f9a6cc",
        "type": "github"
      },
      "original": {
        "owner": "nixos",
        "ref": "nixos-unstable",
        "repo": "nixpkgs",
        "type": "github"
      }
    },
    "nur": {
      "locked": {
        "lastModified": 1661751194,
        "narHash": "sha256-VqrSovJGD74JG32nuD33n4c94GO/6yfnKqYcXyhbIuw=",
        "owner": "nix-community",
        "repo": "NUR",
        "rev": "fce3917607c82c9a46d01fdc90a775f196c3c185",
        "type": "github"
      },
      "original": {
        "owner": "nix-community",
        "repo": "NUR",
        "type": "github"
      }
    },
    "pypi-deps-db": {
      "flake": false,
      "locked": {
        "lastModified": 1661155889,
        "narHash": "sha256-t00mBTZhmZBT4jteO6pJbU0wyRS6/ep4pKmQNeztEms=",
        "owner": "DavHau",
        "repo": "pypi-deps-db",
        "rev": "49c620f3de2b557c9d5c44f58a00fee59f27d1b0",
        "type": "github"
      },
      "original": {
        "owner": "DavHau",
        "repo": "pypi-deps-db",
        "type": "github"
      }
    },
    "ragenix": {
      "inputs": {
        "agenix": "agenix",
        "flake-utils": "flake-utils_3",
        "nixpkgs": "nixpkgs_5",
        "rust-overlay": "rust-overlay"
      },
      "locked": {
        "lastModified": 1661678924,
        "narHash": "sha256-c3F8qr9ke8jHRQeb9+acMl9k/sg+l1U4TiT8iCPI294=",
        "owner": "yaxitech",
        "repo": "ragenix",
        "rev": "e9321af49eafc17b7472aa8c53077d02f23796b4",
        "type": "github"
      },
      "original": {
        "owner": "yaxitech",
        "repo": "ragenix",
        "type": "github"
      }
    },
    "root": {
      "inputs": {
        "darwin": "darwin",
        "darwin-master": "darwin-master",
        "darwin-staging": "darwin-staging",
        "darwin-unstable": "darwin-unstable",
        "fenix": "fenix",
        "flake-utils": "flake-utils",
        "home-manager": "home-manager",
        "home-manager-unstable": "home-manager-unstable",
        "mach-nix": "mach-nix",
        "nixos-generators": "nixos-generators",
        "nixpkgs": "nixpkgs_4",
        "nixpkgs-darwin": "nixpkgs-darwin",
        "nixpkgs-hardware": "nixpkgs-hardware",
        "nixpkgs-master": "nixpkgs-master",
        "nixpkgs-staging": "nixpkgs-staging",
        "nixpkgs-staging-next": "nixpkgs-staging-next",
        "nixpkgs-unstable": "nixpkgs-unstable",
        "nur": "nur",
        "ragenix": "ragenix"
      }
    },
    "rust-analyzer-src": {
      "flake": false,
      "locked": {
        "lastModified": 1661539193,
        "narHash": "sha256-LJ+Ry218HavJKZDBpexiASLE4k1k4nhaZv8qb1YvG5Y=",
        "owner": "rust-lang",
        "repo": "rust-analyzer",
        "rev": "6bea872edd9523a06213270f68725c9fe33f3919",
        "type": "github"
      },
      "original": {
        "owner": "rust-lang",
        "ref": "nightly",
        "repo": "rust-analyzer",
        "type": "github"
      }
    },
    "rust-overlay": {
      "inputs": {
        "flake-utils": [
          "ragenix",
          "flake-utils"
        ],
        "nixpkgs": [
          "ragenix",
          "nixpkgs"
        ]
      },
      "locked": {
        "lastModified": 1661568992,
        "narHash": "sha256-BKoSLBBI7tXHyulp9AnB1SINU2+zzSZEt6mdhkR5uvw=",
        "owner": "oxalica",
        "repo": "rust-overlay",
        "rev": "790c16639c7d8da8b36d0aa6a7c1f589af8c5f68",
        "type": "github"
      },
      "original": {
        "owner": "oxalica",
        "repo": "rust-overlay",
        "type": "github"
      }
    },
    "utils": {
      "locked": {
        "lastModified": 1653893745,
        "narHash": "sha256-0jntwV3Z8//YwuOjzhV2sgJJPt+HY6KhU7VZUL0fKZQ=",
        "owner": "numtide",
        "repo": "flake-utils",
        "rev": "1ed9fb1935d260de5fe1c2f7ee0ebaae17ed2fa1",
        "type": "github"
      },
      "original": {
        "owner": "numtide",
        "repo": "flake-utils",
        "type": "github"
      }
    }
  },
  "root": "root",
  "version": 7
}
