{
  "nodes": {
    "darwin": {
      "inputs": {
        "nixpkgs": [
          "nixos-unstable"
        ]
      },
      "locked": {
        "lastModified": 1634994402,
        "narHash": "sha256-xmlCVVOYGpZoxgOqsDOVF0B0ASrnbNGVAEzID9qh2xo=",
        "owner": "lnl7",
        "repo": "nix-darwin",
        "rev": "44da835ac40dab5fd231298b59d83487382d2fab",
        "type": "github"
      },
      "original": {
        "owner": "lnl7",
        "ref": "master",
        "repo": "nix-darwin",
        "type": "github"
      }
    },
    "home-manager-unstable": {
      "inputs": {
        "nixpkgs": [
          "nixos-unstable"
        ]
      },
      "locked": {
        "lastModified": 1639774225,
        "narHash": "sha256-pdXvYneQVzB14fD+Q283s17tXRyQMs2JMx4mZ4JeSYg=",
        "owner": "nix-community",
        "repo": "home-manager",
        "rev": "8b44e81978a2bef60c83ecc0199ab2523310214a",
        "type": "github"
      },
      "original": {
        "owner": "nix-community",
        "ref": "master",
        "repo": "home-manager",
        "type": "github"
      }
    },
    "nixos-unstable": {
      "locked": {
        "lastModified": 1639777842,
        "narHash": "sha256-+RdJe/PRIVc07hn/88hh20fW4xZaxkZOlchcRdLue7M=",
        "owner": "nixos",
        "repo": "nixpkgs",
        "rev": "7de40c4783b3c909e5cc273cc68cba3d2b5f65ec",
        "type": "github"
      },
      "original": {
        "owner": "nixos",
        "ref": "nixpkgs-unstable",
        "repo": "nixpkgs",
        "type": "github"
      }
    },
    "root": {
      "inputs": {
        "darwin": "darwin",
        "home-manager-unstable": "home-manager-unstable",
        "nixos-unstable": "nixos-unstable"
      }
    }
  },
  "root": "root",
  "version": 7
}
